// !$*UTF8*$!
{
	archiveVersion = 1;
	classes = {
	};
	objectVersion = 50;
	objects = {

/* Begin PBXBuildFile section */
		65157D8123D0E6AA00B1BD72 /* CoreLocation.framework in Frameworks */ = {isa = PBXBuildFile; fileRef = 65157D8023D0E6A900B1BD72 /* CoreLocation.framework */; };
		65374A9723919F8200152129 /* PharmacyViewController.swift in Sources */ = {isa = PBXBuildFile; fileRef = 65374A9623919F8200152129 /* PharmacyViewController.swift */; };
		A613509D23A438E2000DAC02 /* MedicationInclusionTableViewController.swift in Sources */ = {isa = PBXBuildFile; fileRef = A613509C23A438E2000DAC02 /* MedicationInclusionTableViewController.swift */; };
		A615CCF2238877BD00E4EB4B /* LevelOfImportance.swift in Sources */ = {isa = PBXBuildFile; fileRef = A615CCF1238877BD00E4EB4B /* LevelOfImportance.swift */; };
		A61B0E9D238EE5D8002DC8FA /* MedicationTableViewController.swift in Sources */ = {isa = PBXBuildFile; fileRef = A61B0E9C238EE5D8002DC8FA /* MedicationTableViewController.swift */; };
		A61DA41C23A1847E0018CCDE /* AddAlertTableViewController.swift in Sources */ = {isa = PBXBuildFile; fileRef = A61DA41B23A1847E0018CCDE /* AddAlertTableViewController.swift */; };
		A62C4F4323AD3E8E00BB7972 /* AlertTableViewController.swift in Sources */ = {isa = PBXBuildFile; fileRef = A62C4F4223AD3E8E00BB7972 /* AlertTableViewController.swift */; };
		A63B09CF238708D000ED6F25 /* AppDelegate.swift in Sources */ = {isa = PBXBuildFile; fileRef = A63B09CE238708D000ED6F25 /* AppDelegate.swift */; };
		A63B09D1238708D000ED6F25 /* SceneDelegate.swift in Sources */ = {isa = PBXBuildFile; fileRef = A63B09D0238708D000ED6F25 /* SceneDelegate.swift */; };
		A63B09D6238708D000ED6F25 /* Main.storyboard in Resources */ = {isa = PBXBuildFile; fileRef = A63B09D4238708D000ED6F25 /* Main.storyboard */; };
		A63B09D9238708D000ED6F25 /* PocketPrescription.xcdatamodeld in Sources */ = {isa = PBXBuildFile; fileRef = A63B09D7238708D000ED6F25 /* PocketPrescription.xcdatamodeld */; };
		A63B09DB238708D200ED6F25 /* Assets.xcassets in Resources */ = {isa = PBXBuildFile; fileRef = A63B09DA238708D200ED6F25 /* Assets.xcassets */; };
		A63B09DE238708D200ED6F25 /* LaunchScreen.storyboard in Resources */ = {isa = PBXBuildFile; fileRef = A63B09DC238708D200ED6F25 /* LaunchScreen.storyboard */; };
		A6B9729F239057EE003BBF48 /* AddMedicationTableViewController.swift in Sources */ = {isa = PBXBuildFile; fileRef = A6B9729E239057EE003BBF48 /* AddMedicationTableViewController.swift */; };
		A6F2065523984A9A00CDFF46 /* AddMedicationHeaderFooterView.swift in Sources */ = {isa = PBXBuildFile; fileRef = A6F2065423984A9A00CDFF46 /* AddMedicationHeaderFooterView.swift */; };
		E5BE818B23998AB400F9E014 /* MapViewController.swift in Sources */ = {isa = PBXBuildFile; fileRef = E5BE818A23998AB400F9E014 /* MapViewController.swift */; };
		E5BE818E2399BADB00F9E014 /* MapKit.framework in Frameworks */ = {isa = PBXBuildFile; fileRef = E5BE818D2399BADB00F9E014 /* MapKit.framework */; };
		FD335CB323B0591500CFBBAB /* MedicationTableViewCell.swift in Sources */ = {isa = PBXBuildFile; fileRef = FD335CB123B0591500CFBBAB /* MedicationTableViewCell.swift */; };
		FD335CB423B0591500CFBBAB /* MedicationTableViewCell.xib in Resources */ = {isa = PBXBuildFile; fileRef = FD335CB223B0591500CFBBAB /* MedicationTableViewCell.xib */; };
		FD335CB923B06EF800CFBBAB /* ListOfItemsTableViewController.swift in Sources */ = {isa = PBXBuildFile; fileRef = FD335CB823B06EF800CFBBAB /* ListOfItemsTableViewController.swift */; };
		FD335CBE23B07EB800CFBBAB /* AlertTableViewCell.swift in Sources */ = {isa = PBXBuildFile; fileRef = FD335CBC23B07EB800CFBBAB /* AlertTableViewCell.swift */; };
		FD335CBF23B07EB800CFBBAB /* AlertTableViewCell.xib in Resources */ = {isa = PBXBuildFile; fileRef = FD335CBD23B07EB800CFBBAB /* AlertTableViewCell.xib */; };
		FD335CC223B0857800CFBBAB /* MedicationInclusionTableViewCell.swift in Sources */ = {isa = PBXBuildFile; fileRef = FD335CC023B0857800CFBBAB /* MedicationInclusionTableViewCell.swift */; };
		FD335CC323B0857800CFBBAB /* MedicationInclusionTableViewCell.xib in Resources */ = {isa = PBXBuildFile; fileRef = FD335CC123B0857800CFBBAB /* MedicationInclusionTableViewCell.xib */; };
		FD60A67B23CC30B500CC060B /* PharmacyTableViewCell.swift in Sources */ = {isa = PBXBuildFile; fileRef = FD60A67A23CC30B500CC060B /* PharmacyTableViewCell.swift */; };
		FD60A67D23CC30CB00CC060B /* PharmacyTableViewCell.xib in Resources */ = {isa = PBXBuildFile; fileRef = FD60A67C23CC30CB00CC060B /* PharmacyTableViewCell.xib */; };
		FD60A67F23CC352F00CC060B /* SettingsTableViewController.swift in Sources */ = {isa = PBXBuildFile; fileRef = FD60A67E23CC352F00CC060B /* SettingsTableViewController.swift */; };
		FD60A68123CC3FA400CC060B /* PersonOfTrustTableViewController.swift in Sources */ = {isa = PBXBuildFile; fileRef = FD60A68023CC3FA400CC060B /* PersonOfTrustTableViewController.swift */; };
		FD60A68323CC3FBD00CC060B /* EditProfileTableViewController.swift in Sources */ = {isa = PBXBuildFile; fileRef = FD60A68223CC3FBD00CC060B /* EditProfileTableViewController.swift */; };
		FD60A68523CC3FDA00CC060B /* NotificationSettingsTableViewController.swift in Sources */ = {isa = PBXBuildFile; fileRef = FD60A68423CC3FDA00CC060B /* NotificationSettingsTableViewController.swift */; };
/* End PBXBuildFile section */

/* Begin PBXFileReference section */
		65157D8023D0E6A900B1BD72 /* CoreLocation.framework */ = {isa = PBXFileReference; lastKnownFileType = wrapper.framework; name = CoreLocation.framework; path = System/Library/Frameworks/CoreLocation.framework; sourceTree = SDKROOT; };
		65374A9623919F8200152129 /* PharmacyViewController.swift */ = {isa = PBXFileReference; lastKnownFileType = sourcecode.swift; path = PharmacyViewController.swift; sourceTree = "<group>"; };
		A613509C23A438E2000DAC02 /* MedicationInclusionTableViewController.swift */ = {isa = PBXFileReference; lastKnownFileType = sourcecode.swift; path = MedicationInclusionTableViewController.swift; sourceTree = "<group>"; };
		A615CCF1238877BD00E4EB4B /* LevelOfImportance.swift */ = {isa = PBXFileReference; lastKnownFileType = sourcecode.swift; path = LevelOfImportance.swift; sourceTree = "<group>"; };
		A61B0E9C238EE5D8002DC8FA /* MedicationTableViewController.swift */ = {isa = PBXFileReference; lastKnownFileType = sourcecode.swift; path = MedicationTableViewController.swift; sourceTree = "<group>"; };
		A61DA41B23A1847E0018CCDE /* AddAlertTableViewController.swift */ = {isa = PBXFileReference; lastKnownFileType = sourcecode.swift; path = AddAlertTableViewController.swift; sourceTree = "<group>"; };
		A62C4F4223AD3E8E00BB7972 /* AlertTableViewController.swift */ = {isa = PBXFileReference; lastKnownFileType = sourcecode.swift; path = AlertTableViewController.swift; sourceTree = "<group>"; };
		A63B09CB238708D000ED6F25 /* PocketPrescription.app */ = {isa = PBXFileReference; explicitFileType = wrapper.application; includeInIndex = 0; path = PocketPrescription.app; sourceTree = BUILT_PRODUCTS_DIR; };
		A63B09CE238708D000ED6F25 /* AppDelegate.swift */ = {isa = PBXFileReference; lastKnownFileType = sourcecode.swift; path = AppDelegate.swift; sourceTree = "<group>"; };
		A63B09D0238708D000ED6F25 /* SceneDelegate.swift */ = {isa = PBXFileReference; lastKnownFileType = sourcecode.swift; path = SceneDelegate.swift; sourceTree = "<group>"; };
		A63B09D5238708D000ED6F25 /* Base */ = {isa = PBXFileReference; lastKnownFileType = file.storyboard; name = Base; path = Base.lproj/Main.storyboard; sourceTree = "<group>"; };
		A63B09D8238708D000ED6F25 /* PocketPrescription.xcdatamodel */ = {isa = PBXFileReference; lastKnownFileType = wrapper.xcdatamodel; path = PocketPrescription.xcdatamodel; sourceTree = "<group>"; };
		A63B09DA238708D200ED6F25 /* Assets.xcassets */ = {isa = PBXFileReference; lastKnownFileType = folder.assetcatalog; path = Assets.xcassets; sourceTree = "<group>"; };
		A63B09DD238708D200ED6F25 /* Base */ = {isa = PBXFileReference; lastKnownFileType = file.storyboard; name = Base; path = Base.lproj/LaunchScreen.storyboard; sourceTree = "<group>"; };
		A63B09DF238708D200ED6F25 /* Info.plist */ = {isa = PBXFileReference; lastKnownFileType = text.plist.xml; path = Info.plist; sourceTree = "<group>"; };
		A6B9729E239057EE003BBF48 /* AddMedicationTableViewController.swift */ = {isa = PBXFileReference; lastKnownFileType = sourcecode.swift; path = AddMedicationTableViewController.swift; sourceTree = "<group>"; };
		A6F2065423984A9A00CDFF46 /* AddMedicationHeaderFooterView.swift */ = {isa = PBXFileReference; lastKnownFileType = sourcecode.swift; name = AddMedicationHeaderFooterView.swift; path = PocketPrescription/View/AddMedicationHeaderFooterView.swift; sourceTree = SOURCE_ROOT; };
		E5BE818A23998AB400F9E014 /* MapViewController.swift */ = {isa = PBXFileReference; lastKnownFileType = sourcecode.swift; path = MapViewController.swift; sourceTree = "<group>"; };
		E5BE818D2399BADB00F9E014 /* MapKit.framework */ = {isa = PBXFileReference; lastKnownFileType = wrapper.framework; name = MapKit.framework; path = System/Library/Frameworks/MapKit.framework; sourceTree = SDKROOT; };
		FD335CB123B0591500CFBBAB /* MedicationTableViewCell.swift */ = {isa = PBXFileReference; lastKnownFileType = sourcecode.swift; path = MedicationTableViewCell.swift; sourceTree = "<group>"; };
		FD335CB223B0591500CFBBAB /* MedicationTableViewCell.xib */ = {isa = PBXFileReference; lastKnownFileType = file.xib; path = MedicationTableViewCell.xib; sourceTree = "<group>"; };
		FD335CB823B06EF800CFBBAB /* ListOfItemsTableViewController.swift */ = {isa = PBXFileReference; lastKnownFileType = sourcecode.swift; path = ListOfItemsTableViewController.swift; sourceTree = "<group>"; };
		FD335CBC23B07EB800CFBBAB /* AlertTableViewCell.swift */ = {isa = PBXFileReference; lastKnownFileType = sourcecode.swift; path = AlertTableViewCell.swift; sourceTree = "<group>"; };
		FD335CBD23B07EB800CFBBAB /* AlertTableViewCell.xib */ = {isa = PBXFileReference; lastKnownFileType = file.xib; path = AlertTableViewCell.xib; sourceTree = "<group>"; };
		FD335CC023B0857800CFBBAB /* MedicationInclusionTableViewCell.swift */ = {isa = PBXFileReference; lastKnownFileType = sourcecode.swift; path = MedicationInclusionTableViewCell.swift; sourceTree = "<group>"; };
		FD335CC123B0857800CFBBAB /* MedicationInclusionTableViewCell.xib */ = {isa = PBXFileReference; lastKnownFileType = file.xib; path = MedicationInclusionTableViewCell.xib; sourceTree = "<group>"; };
		FD60A67A23CC30B500CC060B /* PharmacyTableViewCell.swift */ = {isa = PBXFileReference; fileEncoding = 4; lastKnownFileType = sourcecode.swift; path = PharmacyTableViewCell.swift; sourceTree = "<group>"; };
		FD60A67C23CC30CB00CC060B /* PharmacyTableViewCell.xib */ = {isa = PBXFileReference; fileEncoding = 4; lastKnownFileType = file.xib; path = PharmacyTableViewCell.xib; sourceTree = "<group>"; };
		FD60A67E23CC352F00CC060B /* SettingsTableViewController.swift */ = {isa = PBXFileReference; lastKnownFileType = sourcecode.swift; path = SettingsTableViewController.swift; sourceTree = "<group>"; };
		FD60A68023CC3FA400CC060B /* PersonOfTrustTableViewController.swift */ = {isa = PBXFileReference; lastKnownFileType = sourcecode.swift; path = PersonOfTrustTableViewController.swift; sourceTree = "<group>"; };
		FD60A68223CC3FBD00CC060B /* EditProfileTableViewController.swift */ = {isa = PBXFileReference; lastKnownFileType = sourcecode.swift; path = EditProfileTableViewController.swift; sourceTree = "<group>"; };
		FD60A68423CC3FDA00CC060B /* NotificationSettingsTableViewController.swift */ = {isa = PBXFileReference; lastKnownFileType = sourcecode.swift; path = NotificationSettingsTableViewController.swift; sourceTree = "<group>"; };
/* End PBXFileReference section */

/* Begin PBXFrameworksBuildPhase section */
		A63B09C8238708D000ED6F25 /* Frameworks */ = {
			isa = PBXFrameworksBuildPhase;
			buildActionMask = 2147483647;
			files = (
				65157D8123D0E6AA00B1BD72 /* CoreLocation.framework in Frameworks */,
				E5BE818E2399BADB00F9E014 /* MapKit.framework in Frameworks */,
			);
			runOnlyForDeploymentPostprocessing = 0;
		};
/* End PBXFrameworksBuildPhase section */

/* Begin PBXGroup section */
		A615CCE323886FDB00E4EB4B /* Model */ = {
			isa = PBXGroup;
			children = (
				A63B09D7238708D000ED6F25 /* PocketPrescription.xcdatamodeld */,
				A615CCF1238877BD00E4EB4B /* LevelOfImportance.swift */,
			);
			path = Model;
			sourceTree = "<group>";
		};
		A615CCE423886FE100E4EB4B /* View */ = {
			isa = PBXGroup;
			children = (
				FD335CAE23B0581300CFBBAB /* CustomViewXib */,
				FD335CAD23B057E600CFBBAB /* CustomViewCellSwift */,
				A6F2065423984A9A00CDFF46 /* AddMedicationHeaderFooterView.swift */,
			);
			path = View;
			sourceTree = "<group>";
		};
		A615CCE523886FE700E4EB4B /* Controller */ = {
			isa = PBXGroup;
			children = (
				FD335CB723B06E1F00CFBBAB /* ListOfItemsControllers */,
				FD37B45523B1A22B0086C287 /* FixedSizeTableControllers */,
			);
			path = Controller;
			sourceTree = "<group>";
		};
		A615CCE62388713400E4EB4B /* Resources */ = {
			isa = PBXGroup;
			children = (
				A63B09CE238708D000ED6F25 /* AppDelegate.swift */,
				A63B09D0238708D000ED6F25 /* SceneDelegate.swift */,
				A63B09D4238708D000ED6F25 /* Main.storyboard */,
				A63B09DC238708D200ED6F25 /* LaunchScreen.storyboard */,
			);
			path = Resources;
			sourceTree = "<group>";
		};
		A63B09C2238708D000ED6F25 = {
			isa = PBXGroup;
			children = (
				A63B09CD238708D000ED6F25 /* PocketPrescription */,
				A63B09CC238708D000ED6F25 /* Products */,
				E5BE818C2399BADB00F9E014 /* Frameworks */,
			);
			sourceTree = "<group>";
		};
		A63B09CC238708D000ED6F25 /* Products */ = {
			isa = PBXGroup;
			children = (
				A63B09CB238708D000ED6F25 /* PocketPrescription.app */,
			);
			name = Products;
			sourceTree = "<group>";
		};
		A63B09CD238708D000ED6F25 /* PocketPrescription */ = {
			isa = PBXGroup;
			children = (
				A63B09DF238708D200ED6F25 /* Info.plist */,
				E5BE818A23998AB400F9E014 /* MapViewController.swift */,
				A615CCE62388713400E4EB4B /* Resources */,
				A615CCE523886FE700E4EB4B /* Controller */,
				A615CCE423886FE100E4EB4B /* View */,
				A615CCE323886FDB00E4EB4B /* Model */,
				A63B09DA238708D200ED6F25 /* Assets.xcassets */,
			);
			path = PocketPrescription;
			sourceTree = "<group>";
		};
		E5BE818C2399BADB00F9E014 /* Frameworks */ = {
			isa = PBXGroup;
			children = (
				65157D8023D0E6A900B1BD72 /* CoreLocation.framework */,
				E5BE818D2399BADB00F9E014 /* MapKit.framework */,
			);
			name = Frameworks;
			sourceTree = "<group>";
		};
		FD335CAD23B057E600CFBBAB /* CustomViewCellSwift */ = {
			isa = PBXGroup;
			children = (
				FD335CBC23B07EB800CFBBAB /* AlertTableViewCell.swift */,
				FD335CB123B0591500CFBBAB /* MedicationTableViewCell.swift */,
				FD335CC023B0857800CFBBAB /* MedicationInclusionTableViewCell.swift */,
				FD60A67A23CC30B500CC060B /* PharmacyTableViewCell.swift */,
			);
			path = CustomViewCellSwift;
			sourceTree = "<group>";
		};
		FD335CAE23B0581300CFBBAB /* CustomViewXib */ = {
			isa = PBXGroup;
			children = (
				FD335CBD23B07EB800CFBBAB /* AlertTableViewCell.xib */,
				FD335CB223B0591500CFBBAB /* MedicationTableViewCell.xib */,
				FD335CC123B0857800CFBBAB /* MedicationInclusionTableViewCell.xib */,
				FD60A67C23CC30CB00CC060B /* PharmacyTableViewCell.xib */,
			);
			path = CustomViewXib;
			sourceTree = "<group>";
		};
		FD335CB723B06E1F00CFBBAB /* ListOfItemsControllers */ = {
			isa = PBXGroup;
			children = (
				FD335CB823B06EF800CFBBAB /* ListOfItemsTableViewController.swift */,
				A61B0E9C238EE5D8002DC8FA /* MedicationTableViewController.swift */,
				A62C4F4223AD3E8E00BB7972 /* AlertTableViewController.swift */,
				A613509C23A438E2000DAC02 /* MedicationInclusionTableViewController.swift */,
				65374A9623919F8200152129 /* PharmacyViewController.swift */,
			);
			path = ListOfItemsControllers;
			sourceTree = "<group>";
		};
		FD37B45523B1A22B0086C287 /* FixedSizeTableControllers */ = {
			isa = PBXGroup;
			children = (
				FD60A68623CC3FF600CC060B /* Settings */,
				A61DA41B23A1847E0018CCDE /* AddAlertTableViewController.swift */,
				A6B9729E239057EE003BBF48 /* AddMedicationTableViewController.swift */,
			);
			path = FixedSizeTableControllers;
			sourceTree = "<group>";
		};
		FD60A68623CC3FF600CC060B /* Settings */ = {
			isa = PBXGroup;
			children = (
				FD60A67E23CC352F00CC060B /* SettingsTableViewController.swift */,
				FD60A68423CC3FDA00CC060B /* NotificationSettingsTableViewController.swift */,
				FD60A68223CC3FBD00CC060B /* EditProfileTableViewController.swift */,
				FD60A68023CC3FA400CC060B /* PersonOfTrustTableViewController.swift */,
			);
			path = Settings;
			sourceTree = "<group>";
		};
/* End PBXGroup section */

/* Begin PBXNativeTarget section */
		A63B09CA238708D000ED6F25 /* PocketPrescription */ = {
			isa = PBXNativeTarget;
			buildConfigurationList = A63B09E2238708D200ED6F25 /* Build configuration list for PBXNativeTarget "PocketPrescription" */;
			buildPhases = (
				A63B09C7238708D000ED6F25 /* Sources */,
				A63B09C8238708D000ED6F25 /* Frameworks */,
				A63B09C9238708D000ED6F25 /* Resources */,
			);
			buildRules = (
			);
			dependencies = (
			);
			name = PocketPrescription;
			productName = PocketPrescription;
			productReference = A63B09CB238708D000ED6F25 /* PocketPrescription.app */;
			productType = "com.apple.product-type.application";
		};
/* End PBXNativeTarget section */

/* Begin PBXProject section */
		A63B09C3238708D000ED6F25 /* Project object */ = {
			isa = PBXProject;
			attributes = {
				LastSwiftUpdateCheck = 1100;
				LastUpgradeCheck = 1100;
				ORGANIZATIONNAME = "Tomás Honório Oliveira";
				TargetAttributes = {
					A63B09CA238708D000ED6F25 = {
						CreatedOnToolsVersion = 11.0;
					};
				};
			};
			buildConfigurationList = A63B09C6238708D000ED6F25 /* Build configuration list for PBXProject "PocketPrescription" */;
			compatibilityVersion = "Xcode 9.3";
			developmentRegion = en;
			hasScannedForEncodings = 0;
			knownRegions = (
				en,
				Base,
			);
			mainGroup = A63B09C2238708D000ED6F25;
			productRefGroup = A63B09CC238708D000ED6F25 /* Products */;
			projectDirPath = "";
			projectRoot = "";
			targets = (
				A63B09CA238708D000ED6F25 /* PocketPrescription */,
			);
		};
/* End PBXProject section */

/* Begin PBXResourcesBuildPhase section */
		A63B09C9238708D000ED6F25 /* Resources */ = {
			isa = PBXResourcesBuildPhase;
			buildActionMask = 2147483647;
			files = (
				A63B09DE238708D200ED6F25 /* LaunchScreen.storyboard in Resources */,
				A63B09DB238708D200ED6F25 /* Assets.xcassets in Resources */,
				FD335CB423B0591500CFBBAB /* MedicationTableViewCell.xib in Resources */,
				FD60A67D23CC30CB00CC060B /* PharmacyTableViewCell.xib in Resources */,
				FD335CBF23B07EB800CFBBAB /* AlertTableViewCell.xib in Resources */,
				FD335CC323B0857800CFBBAB /* MedicationInclusionTableViewCell.xib in Resources */,
				A63B09D6238708D000ED6F25 /* Main.storyboard in Resources */,
			);
			runOnlyForDeploymentPostprocessing = 0;
		};
/* End PBXResourcesBuildPhase section */

/* Begin PBXSourcesBuildPhase section */
		A63B09C7238708D000ED6F25 /* Sources */ = {
			isa = PBXSourcesBuildPhase;
			buildActionMask = 2147483647;
			files = (
				A6B9729F239057EE003BBF48 /* AddMedicationTableViewController.swift in Sources */,
				A6F2065523984A9A00CDFF46 /* AddMedicationHeaderFooterView.swift in Sources */,
				A615CCF2238877BD00E4EB4B /* LevelOfImportance.swift in Sources */,
				FD335CBE23B07EB800CFBBAB /* AlertTableViewCell.swift in Sources */,
				A62C4F4323AD3E8E00BB7972 /* AlertTableViewController.swift in Sources */,
				A63B09CF238708D000ED6F25 /* AppDelegate.swift in Sources */,
				FD335CC223B0857800CFBBAB /* MedicationInclusionTableViewCell.swift in Sources */,
				FD60A68323CC3FBD00CC060B /* EditProfileTableViewController.swift in Sources */,
				FD335CB923B06EF800CFBBAB /* ListOfItemsTableViewController.swift in Sources */,
				A63B09D1238708D000ED6F25 /* SceneDelegate.swift in Sources */,
				FD60A68523CC3FDA00CC060B /* NotificationSettingsTableViewController.swift in Sources */,
				FD60A68123CC3FA400CC060B /* PersonOfTrustTableViewController.swift in Sources */,
				A61DA41C23A1847E0018CCDE /* AddAlertTableViewController.swift in Sources */,
				A61B0E9D238EE5D8002DC8FA /* MedicationTableViewController.swift in Sources */,
				E5BE818B23998AB400F9E014 /* MapViewController.swift in Sources */,
				A613509D23A438E2000DAC02 /* MedicationInclusionTableViewController.swift in Sources */,
				65374A9723919F8200152129 /* PharmacyViewController.swift in Sources */,
				FD60A67B23CC30B500CC060B /* PharmacyTableViewCell.swift in Sources */,
				FD60A67F23CC352F00CC060B /* SettingsTableViewController.swift in Sources */,
				FD335CB323B0591500CFBBAB /* MedicationTableViewCell.swift in Sources */,
				A63B09D9238708D000ED6F25 /* PocketPrescription.xcdatamodeld in Sources */,
			);
			runOnlyForDeploymentPostprocessing = 0;
		};
/* End PBXSourcesBuildPhase section */

/* Begin PBXVariantGroup section */
		A63B09D4238708D000ED6F25 /* Main.storyboard */ = {
			isa = PBXVariantGroup;
			children = (
				A63B09D5238708D000ED6F25 /* Base */,
			);
			name = Main.storyboard;
			sourceTree = "<group>";
		};
		A63B09DC238708D200ED6F25 /* LaunchScreen.storyboard */ = {
			isa = PBXVariantGroup;
			children = (
				A63B09DD238708D200ED6F25 /* Base */,
			);
			name = LaunchScreen.storyboard;
			sourceTree = "<group>";
		};
/* End PBXVariantGroup section */

/* Begin XCBuildConfiguration section */
		A63B09E0238708D200ED6F25 /* Debug */ = {
			isa = XCBuildConfiguration;
			buildSettings = {
				ALWAYS_SEARCH_USER_PATHS = NO;
				CLANG_ANALYZER_NONNULL = YES;
				CLANG_ANALYZER_NUMBER_OBJECT_CONVERSION = YES_AGGRESSIVE;
				CLANG_CXX_LANGUAGE_STANDARD = "gnu++14";
				CLANG_CXX_LIBRARY = "libc++";
				CLANG_ENABLE_MODULES = YES;
				CLANG_ENABLE_OBJC_ARC = YES;
				CLANG_ENABLE_OBJC_WEAK = YES;
				CLANG_WARN_BLOCK_CAPTURE_AUTORELEASING = YES;
				CLANG_WARN_BOOL_CONVERSION = YES;
				CLANG_WARN_COMMA = YES;
				CLANG_WARN_CONSTANT_CONVERSION = YES;
				CLANG_WARN_DEPRECATED_OBJC_IMPLEMENTATIONS = YES;
				CLANG_WARN_DIRECT_OBJC_ISA_USAGE = YES_ERROR;
				CLANG_WARN_DOCUMENTATION_COMMENTS = YES;
				CLANG_WARN_EMPTY_BODY = YES;
				CLANG_WARN_ENUM_CONVERSION = YES;
				CLANG_WARN_INFINITE_RECURSION = YES;
				CLANG_WARN_INT_CONVERSION = YES;
				CLANG_WARN_NON_LITERAL_NULL_CONVERSION = YES;
				CLANG_WARN_OBJC_IMPLICIT_RETAIN_SELF = YES;
				CLANG_WARN_OBJC_LITERAL_CONVERSION = YES;
				CLANG_WARN_OBJC_ROOT_CLASS = YES_ERROR;
				CLANG_WARN_RANGE_LOOP_ANALYSIS = YES;
				CLANG_WARN_STRICT_PROTOTYPES = YES;
				CLANG_WARN_SUSPICIOUS_MOVE = YES;
				CLANG_WARN_UNGUARDED_AVAILABILITY = YES_AGGRESSIVE;
				CLANG_WARN_UNREACHABLE_CODE = YES;
				CLANG_WARN__DUPLICATE_METHOD_MATCH = YES;
				COPY_PHASE_STRIP = NO;
				DEBUG_INFORMATION_FORMAT = dwarf;
				ENABLE_STRICT_OBJC_MSGSEND = YES;
				ENABLE_TESTABILITY = YES;
				GCC_C_LANGUAGE_STANDARD = gnu11;
				GCC_DYNAMIC_NO_PIC = NO;
				GCC_NO_COMMON_BLOCKS = YES;
				GCC_OPTIMIZATION_LEVEL = 0;
				GCC_PREPROCESSOR_DEFINITIONS = (
					"DEBUG=1",
					"$(inherited)",
				);
				GCC_WARN_64_TO_32_BIT_CONVERSION = YES;
				GCC_WARN_ABOUT_RETURN_TYPE = YES_ERROR;
				GCC_WARN_UNDECLARED_SELECTOR = YES;
				GCC_WARN_UNINITIALIZED_AUTOS = YES_AGGRESSIVE;
				GCC_WARN_UNUSED_FUNCTION = YES;
				GCC_WARN_UNUSED_VARIABLE = YES;
				IPHONEOS_DEPLOYMENT_TARGET = 13.0;
				MTL_ENABLE_DEBUG_INFO = INCLUDE_SOURCE;
				MTL_FAST_MATH = YES;
				ONLY_ACTIVE_ARCH = YES;
				SDKROOT = iphoneos;
				SWIFT_ACTIVE_COMPILATION_CONDITIONS = DEBUG;
				SWIFT_OPTIMIZATION_LEVEL = "-Onone";
			};
			name = Debug;
		};
		A63B09E1238708D200ED6F25 /* Release */ = {
			isa = XCBuildConfiguration;
			buildSettings = {
				ALWAYS_SEARCH_USER_PATHS = NO;
				CLANG_ANALYZER_NONNULL = YES;
				CLANG_ANALYZER_NUMBER_OBJECT_CONVERSION = YES_AGGRESSIVE;
				CLANG_CXX_LANGUAGE_STANDARD = "gnu++14";
				CLANG_CXX_LIBRARY = "libc++";
				CLANG_ENABLE_MODULES = YES;
				CLANG_ENABLE_OBJC_ARC = YES;
				CLANG_ENABLE_OBJC_WEAK = YES;
				CLANG_WARN_BLOCK_CAPTURE_AUTORELEASING = YES;
				CLANG_WARN_BOOL_CONVERSION = YES;
				CLANG_WARN_COMMA = YES;
				CLANG_WARN_CONSTANT_CONVERSION = YES;
				CLANG_WARN_DEPRECATED_OBJC_IMPLEMENTATIONS = YES;
				CLANG_WARN_DIRECT_OBJC_ISA_USAGE = YES_ERROR;
				CLANG_WARN_DOCUMENTATION_COMMENTS = YES;
				CLANG_WARN_EMPTY_BODY = YES;
				CLANG_WARN_ENUM_CONVERSION = YES;
				CLANG_WARN_INFINITE_RECURSION = YES;
				CLANG_WARN_INT_CONVERSION = YES;
				CLANG_WARN_NON_LITERAL_NULL_CONVERSION = YES;
				CLANG_WARN_OBJC_IMPLICIT_RETAIN_SELF = YES;
				CLANG_WARN_OBJC_LITERAL_CONVERSION = YES;
				CLANG_WARN_OBJC_ROOT_CLASS = YES_ERROR;
				CLANG_WARN_RANGE_LOOP_ANALYSIS = YES;
				CLANG_WARN_STRICT_PROTOTYPES = YES;
				CLANG_WARN_SUSPICIOUS_MOVE = YES;
				CLANG_WARN_UNGUARDED_AVAILABILITY = YES_AGGRESSIVE;
				CLANG_WARN_UNREACHABLE_CODE = YES;
				CLANG_WARN__DUPLICATE_METHOD_MATCH = YES;
				COPY_PHASE_STRIP = NO;
				DEBUG_INFORMATION_FORMAT = "dwarf-with-dsym";
				ENABLE_NS_ASSERTIONS = NO;
				ENABLE_STRICT_OBJC_MSGSEND = YES;
				GCC_C_LANGUAGE_STANDARD = gnu11;
				GCC_NO_COMMON_BLOCKS = YES;
				GCC_WARN_64_TO_32_BIT_CONVERSION = YES;
				GCC_WARN_ABOUT_RETURN_TYPE = YES_ERROR;
				GCC_WARN_UNDECLARED_SELECTOR = YES;
				GCC_WARN_UNINITIALIZED_AUTOS = YES_AGGRESSIVE;
				GCC_WARN_UNUSED_FUNCTION = YES;
				GCC_WARN_UNUSED_VARIABLE = YES;
				IPHONEOS_DEPLOYMENT_TARGET = 13.0;
				MTL_ENABLE_DEBUG_INFO = NO;
				MTL_FAST_MATH = YES;
				SDKROOT = iphoneos;
				SWIFT_COMPILATION_MODE = wholemodule;
				SWIFT_OPTIMIZATION_LEVEL = "-O";
				VALIDATE_PRODUCT = YES;
			};
			name = Release;
		};
		A63B09E3238708D200ED6F25 /* Debug */ = {
			isa = XCBuildConfiguration;
			buildSettings = {
				ASSETCATALOG_COMPILER_APPICON_NAME = AppIcon;
				CODE_SIGN_STYLE = Automatic;
				INFOPLIST_FILE = PocketPrescription/Info.plist;
				LD_RUNPATH_SEARCH_PATHS = (
					"$(inherited)",
					"@executable_path/Frameworks",
				);
				PRODUCT_BUNDLE_IDENTIFIER = IPL.PocketPrescription;
				PRODUCT_NAME = "$(TARGET_NAME)";
				SWIFT_VERSION = 5.0;
				TARGETED_DEVICE_FAMILY = "1,2";
			};
			name = Debug;
		};
		A63B09E4238708D200ED6F25 /* Release */ = {
			isa = XCBuildConfiguration;
			buildSettings = {
				ASSETCATALOG_COMPILER_APPICON_NAME = AppIcon;
				CODE_SIGN_STYLE = Automatic;
				INFOPLIST_FILE = PocketPrescription/Info.plist;
				LD_RUNPATH_SEARCH_PATHS = (
					"$(inherited)",
					"@executable_path/Frameworks",
				);
				PRODUCT_BUNDLE_IDENTIFIER = IPL.PocketPrescription;
				PRODUCT_NAME = "$(TARGET_NAME)";
				SWIFT_VERSION = 5.0;
				TARGETED_DEVICE_FAMILY = "1,2";
			};
			name = Release;
		};
/* End XCBuildConfiguration section */

/* Begin XCConfigurationList section */
		A63B09C6238708D000ED6F25 /* Build configuration list for PBXProject "PocketPrescription" */ = {
			isa = XCConfigurationList;
			buildConfigurations = (
				A63B09E0238708D200ED6F25 /* Debug */,
				A63B09E1238708D200ED6F25 /* Release */,
			);
			defaultConfigurationIsVisible = 0;
			defaultConfigurationName = Release;
		};
		A63B09E2238708D200ED6F25 /* Build configuration list for PBXNativeTarget "PocketPrescription" */ = {
			isa = XCConfigurationList;
			buildConfigurations = (
				A63B09E3238708D200ED6F25 /* Debug */,
				A63B09E4238708D200ED6F25 /* Release */,
			);
			defaultConfigurationIsVisible = 0;
			defaultConfigurationName = Release;
		};
/* End XCConfigurationList section */

/* Begin XCVersionGroup section */
		A63B09D7238708D000ED6F25 /* PocketPrescription.xcdatamodeld */ = {
			isa = XCVersionGroup;
			children = (
				A63B09D8238708D000ED6F25 /* PocketPrescription.xcdatamodel */,
			);
			currentVersion = A63B09D8238708D000ED6F25 /* PocketPrescription.xcdatamodel */;
			path = PocketPrescription.xcdatamodeld;
			sourceTree = "<group>";
			versionGroupType = wrapper.xcdatamodel;
		};
/* End XCVersionGroup section */
	};
	rootObject = A63B09C3238708D000ED6F25 /* Project object */;
}
